// !$*UTF8*$!
{
	archiveVersion = 1;
	classes = {
	};
	objectVersion = 46;
	objects = {

/* Begin PBXBuildFile section */
		216B7607156B86D3002865E4 /* UIKit.framework in Frameworks */ = {isa = PBXBuildFile; fileRef = 216B7606156B86D3002865E4 /* UIKit.framework */; };
		216B7609156B86D3002865E4 /* Foundation.framework in Frameworks */ = {isa = PBXBuildFile; fileRef = 216B7608156B86D3002865E4 /* Foundation.framework */; };
		216B760B156B86D3002865E4 /* CoreGraphics.framework in Frameworks */ = {isa = PBXBuildFile; fileRef = 216B760A156B86D3002865E4 /* CoreGraphics.framework */; };
		216B7611156B86D3002865E4 /* InfoPlist.strings in Resources */ = {isa = PBXBuildFile; fileRef = 216B760F156B86D3002865E4 /* InfoPlist.strings */; };
		216B7613156B86D3002865E4 /* main.m in Sources */ = {isa = PBXBuildFile; fileRef = 216B7612156B86D3002865E4 /* main.m */; };
		216B7617156B86D3002865E4 /* QuestionsAppDelegate.m in Sources */ = {isa = PBXBuildFile; fileRef = 216B7616156B86D3002865E4 /* QuestionsAppDelegate.m */; };
		216B761A156B86D3002865E4 /* QuestionsRootViewController.m in Sources */ = {isa = PBXBuildFile; fileRef = 216B7619156B86D3002865E4 /* QuestionsRootViewController.m */; };
		216B761D156B86D3002865E4 /* QuestionsDataViewController.m in Sources */ = {isa = PBXBuildFile; fileRef = 216B761C156B86D3002865E4 /* QuestionsDataViewController.m */; };
		216B7620156B86D3002865E4 /* QuestionsModelController.m in Sources */ = {isa = PBXBuildFile; fileRef = 216B761F156B86D3002865E4 /* QuestionsModelController.m */; };
		216B7623156B86D3002865E4 /* MainStoryboard.storyboard in Resources */ = {isa = PBXBuildFile; fileRef = 216B7621156B86D3002865E4 /* MainStoryboard.storyboard */; };
/* End PBXBuildFile section */

/* Begin PBXFileReference section */
		216B7602156B86D3002865E4 /* Questions.app */ = {isa = PBXFileReference; explicitFileType = wrapper.application; includeInIndex = 0; path = Questions.app; sourceTree = BUILT_PRODUCTS_DIR; };
		216B7606156B86D3002865E4 /* UIKit.framework */ = {isa = PBXFileReference; lastKnownFileType = wrapper.framework; name = UIKit.framework; path = System/Library/Frameworks/UIKit.framework; sourceTree = SDKROOT; };
		216B7608156B86D3002865E4 /* Foundation.framework */ = {isa = PBXFileReference; lastKnownFileType = wrapper.framework; name = Foundation.framework; path = System/Library/Frameworks/Foundation.framework; sourceTree = SDKROOT; };
		216B760A156B86D3002865E4 /* CoreGraphics.framework */ = {isa = PBXFileReference; lastKnownFileType = wrapper.framework; name = CoreGraphics.framework; path = System/Library/Frameworks/CoreGraphics.framework; sourceTree = SDKROOT; };
		216B760E156B86D3002865E4 /* Questions-Info.plist */ = {isa = PBXFileReference; lastKnownFileType = text.plist.xml; path = "Questions-Info.plist"; sourceTree = "<group>"; };
		216B7610156B86D3002865E4 /* en */ = {isa = PBXFileReference; lastKnownFileType = text.plist.strings; name = en; path = en.lproj/InfoPlist.strings; sourceTree = "<group>"; };
		216B7612156B86D3002865E4 /* main.m */ = {isa = PBXFileReference; lastKnownFileType = sourcecode.c.objc; path = main.m; sourceTree = "<group>"; };
		216B7614156B86D3002865E4 /* Questions-Prefix.pch */ = {isa = PBXFileReference; lastKnownFileType = sourcecode.c.h; path = "Questions-Prefix.pch"; sourceTree = "<group>"; };
		216B7615156B86D3002865E4 /* QuestionsAppDelegate.h */ = {isa = PBXFileReference; lastKnownFileType = sourcecode.c.h; path = QuestionsAppDelegate.h; sourceTree = "<group>"; };
		216B7616156B86D3002865E4 /* QuestionsAppDelegate.m */ = {isa = PBXFileReference; lastKnownFileType = sourcecode.c.objc; path = QuestionsAppDelegate.m; sourceTree = "<group>"; };
		216B7618156B86D3002865E4 /* QuestionsRootViewController.h */ = {isa = PBXFileReference; lastKnownFileType = sourcecode.c.h; path = QuestionsRootViewController.h; sourceTree = "<group>"; };
		216B7619156B86D3002865E4 /* QuestionsRootViewController.m */ = {isa = PBXFileReference; lastKnownFileType = sourcecode.c.objc; path = QuestionsRootViewController.m; sourceTree = "<group>"; };
		216B761B156B86D3002865E4 /* QuestionsDataViewController.h */ = {isa = PBXFileReference; lastKnownFileType = sourcecode.c.h; path = QuestionsDataViewController.h; sourceTree = "<group>"; };
		216B761C156B86D3002865E4 /* QuestionsDataViewController.m */ = {isa = PBXFileReference; lastKnownFileType = sourcecode.c.objc; path = QuestionsDataViewController.m; sourceTree = "<group>"; };
		216B761E156B86D3002865E4 /* QuestionsModelController.h */ = {isa = PBXFileReference; lastKnownFileType = sourcecode.c.h; path = QuestionsModelController.h; sourceTree = "<group>"; };
		216B761F156B86D3002865E4 /* QuestionsModelController.m */ = {isa = PBXFileReference; lastKnownFileType = sourcecode.c.objc; path = QuestionsModelController.m; sourceTree = "<group>"; };
		216B7622156B86D3002865E4 /* en */ = {isa = PBXFileReference; lastKnownFileType = file.storyboard; name = en; path = en.lproj/MainStoryboard.storyboard; sourceTree = "<group>"; };
/* End PBXFileReference section */

/* Begin PBXFrameworksBuildPhase section */
		216B75FF156B86D3002865E4 /* Frameworks */ = {
			isa = PBXFrameworksBuildPhase;
			buildActionMask = 2147483647;
			files = (
				216B7607156B86D3002865E4 /* UIKit.framework in Frameworks */,
				216B7609156B86D3002865E4 /* Foundation.framework in Frameworks */,
				216B760B156B86D3002865E4 /* CoreGraphics.framework in Frameworks */,
			);
			runOnlyForDeploymentPostprocessing = 0;
		};
/* End PBXFrameworksBuildPhase section */

/* Begin PBXGroup section */
		216B75F7156B86D3002865E4 = {
			isa = PBXGroup;
			children = (
				216B760C156B86D3002865E4 /* Questions */,
				216B7605156B86D3002865E4 /* Frameworks */,
				216B7603156B86D3002865E4 /* Products */,
			);
			sourceTree = "<group>";
		};
		216B7603156B86D3002865E4 /* Products */ = {
			isa = PBXGroup;
			children = (
				216B7602156B86D3002865E4 /* Questions.app */,
			);
			name = Products;
			sourceTree = "<group>";
		};
		216B7605156B86D3002865E4 /* Frameworks */ = {
			isa = PBXGroup;
			children = (
				216B7606156B86D3002865E4 /* UIKit.framework */,
				216B7608156B86D3002865E4 /* Foundation.framework */,
				216B760A156B86D3002865E4 /* CoreGraphics.framework */,
			);
			name = Frameworks;
			sourceTree = "<group>";
		};
		216B760C156B86D3002865E4 /* Questions */ = {
			isa = PBXGroup;
			children = (
				216B7615156B86D3002865E4 /* QuestionsAppDelegate.h */,
				216B7616156B86D3002865E4 /* QuestionsAppDelegate.m */,
				216B7618156B86D3002865E4 /* QuestionsRootViewController.h */,
				216B7619156B86D3002865E4 /* QuestionsRootViewController.m */,
				216B761B156B86D3002865E4 /* QuestionsDataViewController.h */,
				216B761C156B86D3002865E4 /* QuestionsDataViewController.m */,
				216B761E156B86D3002865E4 /* QuestionsModelController.h */,
				216B761F156B86D3002865E4 /* QuestionsModelController.m */,
				216B7621156B86D3002865E4 /* MainStoryboard.storyboard */,
				216B760D156B86D3002865E4 /* Supporting Files */,
			);
			path = Questions;
			sourceTree = "<group>";
		};
		216B760D156B86D3002865E4 /* Supporting Files */ = {
			isa = PBXGroup;
			children = (
				216B760E156B86D3002865E4 /* Questions-Info.plist */,
				216B760F156B86D3002865E4 /* InfoPlist.strings */,
				216B7612156B86D3002865E4 /* main.m */,
				216B7614156B86D3002865E4 /* Questions-Prefix.pch */,
			);
			name = "Supporting Files";
			sourceTree = "<group>";
		};
/* End PBXGroup section */

/* Begin PBXNativeTarget section */
		216B7601156B86D3002865E4 /* Questions */ = {
			isa = PBXNativeTarget;
			buildConfigurationList = 216B7626156B86D3002865E4 /* Build configuration list for PBXNativeTarget "Questions" */;
			buildPhases = (
				216B75FE156B86D3002865E4 /* Sources */,
				216B75FF156B86D3002865E4 /* Frameworks */,
				216B7600156B86D3002865E4 /* Resources */,
			);
			buildRules = (
			);
			dependencies = (
			);
			name = Questions;
			productName = Questions;
			productReference = 216B7602156B86D3002865E4 /* Questions.app */;
			productType = "com.apple.product-type.application";
		};
/* End PBXNativeTarget section */

/* Begin PBXProject section */
		216B75F9156B86D3002865E4 /* Project object */ = {
			isa = PBXProject;
			attributes = {
				CLASSPREFIX = Questions;
				LastUpgradeCheck = 0430;
			};
			buildConfigurationList = 216B75FC156B86D3002865E4 /* Build configuration list for PBXProject "Questions" */;
			compatibilityVersion = "Xcode 3.2";
			developmentRegion = English;
			hasScannedForEncodings = 0;
			knownRegions = (
				en,
			);
			mainGroup = 216B75F7156B86D3002865E4;
			productRefGroup = 216B7603156B86D3002865E4 /* Products */;
			projectDirPath = "";
			projectRoot = "";
			targets = (
				216B7601156B86D3002865E4 /* Questions */,
			);
		};
/* End PBXProject section */

/* Begin PBXResourcesBuildPhase section */
		216B7600156B86D3002865E4 /* Resources */ = {
			isa = PBXResourcesBuildPhase;
			buildActionMask = 2147483647;
			files = (
				216B7611156B86D3002865E4 /* InfoPlist.strings in Resources */,
				216B7623156B86D3002865E4 /* MainStoryboard.storyboard in Resources */,
			);
			runOnlyForDeploymentPostprocessing = 0;
		};
/* End PBXResourcesBuildPhase section */

/* Begin PBXSourcesBuildPhase section */
		216B75FE156B86D3002865E4 /* Sources */ = {
			isa = PBXSourcesBuildPhase;
			buildActionMask = 2147483647;
			files = (
				216B7613156B86D3002865E4 /* main.m in Sources */,
				216B7617156B86D3002865E4 /* QuestionsAppDelegate.m in Sources */,
				216B761A156B86D3002865E4 /* QuestionsRootViewController.m in Sources */,
				216B761D156B86D3002865E4 /* QuestionsDataViewController.m in Sources */,
				216B7620156B86D3002865E4 /* QuestionsModelController.m in Sources */,
			);
			runOnlyForDeploymentPostprocessing = 0;
		};
/* End PBXSourcesBuildPhase section */

/* Begin PBXVariantGroup section */
		216B760F156B86D3002865E4 /* InfoPlist.strings */ = {
			isa = PBXVariantGroup;
			children = (
				216B7610156B86D3002865E4 /* en */,
			);
			name = InfoPlist.strings;
			sourceTree = "<group>";
		};
		216B7621156B86D3002865E4 /* MainStoryboard.storyboard */ = {
			isa = PBXVariantGroup;
			children = (
				216B7622156B86D3002865E4 /* en */,
			);
			name = MainStoryboard.storyboard;
			sourceTree = "<group>";
		};
/* End PBXVariantGroup section */

/* Begin XCBuildConfiguration section */
		216B7624156B86D3002865E4 /* Debug */ = {
			isa = XCBuildConfiguration;
			buildSettings = {
				ALWAYS_SEARCH_USER_PATHS = NO;
				ARCHS = "$(ARCHS_STANDARD_32_BIT)";
				CLANG_ENABLE_OBJC_ARC = YES;
				"CODE_SIGN_IDENTITY[sdk=iphoneos*]" = "iPhone Developer";
				COPY_PHASE_STRIP = NO;
				GCC_C_LANGUAGE_STANDARD = gnu99;
				GCC_DYNAMIC_NO_PIC = NO;
				GCC_OPTIMIZATION_LEVEL = 0;
				GCC_PREPROCESSOR_DEFINITIONS = (
					"DEBUG=1",
					"$(inherited)",
				);
				GCC_SYMBOLS_PRIVATE_EXTERN = NO;
				GCC_VERSION = com.apple.compilers.llvm.clang.1_0;
				GCC_WARN_ABOUT_RETURN_TYPE = YES;
				GCC_WARN_UNINITIALIZED_AUTOS = YES;
				GCC_WARN_UNUSED_VARIABLE = YES;
				IPHONEOS_DEPLOYMENT_TARGET = 5.1;
				SDKROOT = iphoneos;
				TARGETED_DEVICE_FAMILY = 2;
			};
			name = Debug;
		};
		216B7625156B86D3002865E4 /* Release */ = {
			isa = XCBuildConfiguration;
			buildSettings = {
				ALWAYS_SEARCH_USER_PATHS = NO;
				ARCHS = "$(ARCHS_STANDARD_32_BIT)";
				CLANG_ENABLE_OBJC_ARC = YES;
				"CODE_SIGN_IDENTITY[sdk=iphoneos*]" = "iPhone Developer";
				COPY_PHASE_STRIP = YES;
				GCC_C_LANGUAGE_STANDARD = gnu99;
				GCC_VERSION = com.apple.compilers.llvm.clang.1_0;
				GCC_WARN_ABOUT_RETURN_TYPE = YES;
				GCC_WARN_UNINITIALIZED_AUTOS = YES;
				GCC_WARN_UNUSED_VARIABLE = YES;
				IPHONEOS_DEPLOYMENT_TARGET = 5.1;
				OTHER_CFLAGS = "-DNS_BLOCK_ASSERTIONS=1";
				SDKROOT = iphoneos;
				TARGETED_DEVICE_FAMILY = 2;
				VALIDATE_PRODUCT = YES;
			};
			name = Release;
		};
		216B7627156B86D3002865E4 /* Debug */ = {
			isa = XCBuildConfiguration;
			buildSettings = {
				GCC_PRECOMPILE_PREFIX_HEADER = YES;
				GCC_PREFIX_HEADER = "Questions/Questions-Prefix.pch";
				INFOPLIST_FILE = "Questions/Questions-Info.plist";
				PRODUCT_NAME = "$(TARGET_NAME)";
				WRAPPER_EXTENSION = app;
			};
			name = Debug;
		};
		216B7628156B86D3002865E4 /* Release */ = {
			isa = XCBuildConfiguration;
			buildSettings = {
				GCC_PRECOMPILE_PREFIX_HEADER = YES;
				GCC_PREFIX_HEADER = "Questions/Questions-Prefix.pch";
				INFOPLIST_FILE = "Questions/Questions-Info.plist";
				PRODUCT_NAME = "$(TARGET_NAME)";
				WRAPPER_EXTENSION = app;
			};
			name = Release;
		};
/* End XCBuildConfiguration section */

/* Begin XCConfigurationList section */
		216B75FC156B86D3002865E4 /* Build configuration list for PBXProject "Questions" */ = {
			isa = XCConfigurationList;
			buildConfigurations = (
				216B7624156B86D3002865E4 /* Debug */,
				216B7625156B86D3002865E4 /* Release */,
			);
			defaultConfigurationIsVisible = 0;
			defaultConfigurationName = Release;
		};
		216B7626156B86D3002865E4 /* Build configuration list for PBXNativeTarget "Questions" */ = {
			isa = XCConfigurationList;
			buildConfigurations = (
				216B7627156B86D3002865E4 /* Debug */,
				216B7628156B86D3002865E4 /* Release */,
			);
			defaultConfigurationIsVisible = 0;
		};
/* End XCConfigurationList section */
	};
	rootObject = 216B75F9156B86D3002865E4 /* Project object */;
}
